
Microsoft Visual Studio Solution File, Format Version 12.00
# Visual Studio Version 16
VisualStudioVersion = 16.0.29102.190
MinimumVisualStudioVersion = 10.0.40219.1
Project("{FAE04EC0-301F-11D3-BF4B-00C04F79EFBC}") = "Day00_ex01", "Day00_ex01\Day00_ex01.csproj", "{1490C0AA-3980-47D6-8A95-3DE2ABE6BB15}"
EndProject
Global
	GlobalSection(SolutionConfigurationPlatforms) = preSolution
		Debug|Any CPU = Debug|Any CPU
		Release|Any CPU = Release|Any CPU
	EndGlobalSection
	GlobalSection(ProjectConfigurationPlatforms) = postSolution
		{1490C0AA-3980-47D6-8A95-3DE2ABE6BB15}.Debug|Any CPU.ActiveCfg = Debug|Any CPU
		{1490C0AA-3980-47D6-8A95-3DE2ABE6BB15}.Debug|Any CPU.Build.0 = Debug|Any CPU
		{1490C0AA-3980-47D6-8A95-3DE2ABE6BB15}.Release|Any CPU.ActiveCfg = Release|Any CPU
		{1490C0AA-3980-47D6-8A95-3DE2ABE6BB15}.Release|Any CPU.Build.0 = Release|Any CPU
	EndGlobalSection
	GlobalSection(SolutionProperties) = preSolution
		HideSolutionNode = FALSE
	EndGlobalSection
	GlobalSection(ExtensibilityGlobals) = postSolution
		SolutionGuid = {0482BD6C-2109-444D-8B2E-521C3F7B7F3E}
	EndGlobalSection
EndGlobal
